
Microsoft Visual Studio Solution File, Format Version 12.00
# Visual Studio Version 16
VisualStudioVersion = 16.0.31624.102
MinimumVisualStudioVersion = 10.0.40219.1
Project("{FAE04EC0-301F-11D3-BF4B-00C04F79EFBC}") = "Laboratorio08", "Laboratorio08\Laboratorio08.csproj", "{639A84A4-43D2-441E-A850-53EED35F5809}"
EndProject
Project("{FAE04EC0-301F-11D3-BF4B-00C04F79EFBC}") = "Laboratorio08.Tests", "Laboratorio08.Tests\Laboratorio08.Tests.csproj", "{0B9ADC7F-C312-4169-B772-011D25CDF7D4}"
EndProject
Global
	GlobalSection(SolutionConfigurationPlatforms) = preSolution
		Debug|Any CPU = Debug|Any CPU
		Release|Any CPU = Release|Any CPU
	EndGlobalSection
	GlobalSection(ProjectConfigurationPlatforms) = postSolution
		{639A84A4-43D2-441E-A850-53EED35F5809}.Debug|Any CPU.ActiveCfg = Debug|Any CPU
		{639A84A4-43D2-441E-A850-53EED35F5809}.Debug|Any CPU.Build.0 = Debug|Any CPU
		{639A84A4-43D2-441E-A850-53EED35F5809}.Release|Any CPU.ActiveCfg = Release|Any CPU
		{639A84A4-43D2-441E-A850-53EED35F5809}.Release|Any CPU.Build.0 = Release|Any CPU
		{0B9ADC7F-C312-4169-B772-011D25CDF7D4}.Debug|Any CPU.ActiveCfg = Debug|Any CPU
		{0B9ADC7F-C312-4169-B772-011D25CDF7D4}.Debug|Any CPU.Build.0 = Debug|Any CPU
		{0B9ADC7F-C312-4169-B772-011D25CDF7D4}.Release|Any CPU.ActiveCfg = Release|Any CPU
		{0B9ADC7F-C312-4169-B772-011D25CDF7D4}.Release|Any CPU.Build.0 = Release|Any CPU
	EndGlobalSection
	GlobalSection(SolutionProperties) = preSolution
		HideSolutionNode = FALSE
	EndGlobalSection
	GlobalSection(ExtensibilityGlobals) = postSolution
		SolutionGuid = {2C632E08-3F38-4E5A-905F-0A6F5EA05C13}
	EndGlobalSection
EndGlobal
